
Microsoft Visual Studio Solution File, Format Version 12.00
# Visual Studio Version 17
VisualStudioVersion = 17.0.31903.59
MinimumVisualStudioVersion = 10.0.40219.1
Project("{9A19103F-16F7-4668-BE54-9A1E7A4F7556}") = "NicolaParo.LightShow.App", "NicolaParo.LightShow.App\NicolaParo.LightShow.App.csproj", "{74784027-DD3C-4E38-B75E-A3C5BC69C022}"
EndProject
Project("{9A19103F-16F7-4668-BE54-9A1E7A4F7556}") = "NicolaParo.LightShow.Services", "NicolaParo.LightShow.Services\NicolaParo.LightShow.Services.csproj", "{C141CB10-C584-4D3F-A704-C25101E3566B}"
EndProject
Project("{9A19103F-16F7-4668-BE54-9A1E7A4F7556}") = "NicolaParo.LightShow.Services.Dmx", "NicolaParo.LightShow.Services.Dmx\NicolaParo.LightShow.Services.Dmx.csproj", "{840B9245-C609-4551-913E-44F576A2D87F}"
EndProject
Project("{FAE04EC0-301F-11D3-BF4B-00C04F79EFBC}") = "NicolaParo.LightShow.Components", "NicolaParo.LightShow.Components\NicolaParo.LightShow.Components.csproj", "{0D540E3F-BF92-4073-923B-4D05A9097B13}"
EndProject
Project("{FAE04EC0-301F-11D3-BF4B-00C04F79EFBC}") = "NicolaParo.LightShow.Services.Abstractions", "NicolaParo.LightShow.Services.Abstractions\NicolaParo.LightShow.Services.Abstractions.csproj", "{09145CA3-675B-4B12-9E3B-AF14E2EDEE27}"
EndProject
Global
	GlobalSection(SolutionConfigurationPlatforms) = preSolution
		Debug|Any CPU = Debug|Any CPU
		Release|Any CPU = Release|Any CPU
	EndGlobalSection
	GlobalSection(ProjectConfigurationPlatforms) = postSolution
		{74784027-DD3C-4E38-B75E-A3C5BC69C022}.Debug|Any CPU.ActiveCfg = Debug|Any CPU
		{74784027-DD3C-4E38-B75E-A3C5BC69C022}.Debug|Any CPU.Build.0 = Debug|Any CPU
		{74784027-DD3C-4E38-B75E-A3C5BC69C022}.Release|Any CPU.ActiveCfg = Release|Any CPU
		{74784027-DD3C-4E38-B75E-A3C5BC69C022}.Release|Any CPU.Build.0 = Release|Any CPU
		{C141CB10-C584-4D3F-A704-C25101E3566B}.Debug|Any CPU.ActiveCfg = Debug|Any CPU
		{C141CB10-C584-4D3F-A704-C25101E3566B}.Debug|Any CPU.Build.0 = Debug|Any CPU
		{C141CB10-C584-4D3F-A704-C25101E3566B}.Release|Any CPU.ActiveCfg = Release|Any CPU
		{C141CB10-C584-4D3F-A704-C25101E3566B}.Release|Any CPU.Build.0 = Release|Any CPU
		{840B9245-C609-4551-913E-44F576A2D87F}.Debug|Any CPU.ActiveCfg = Debug|Any CPU
		{840B9245-C609-4551-913E-44F576A2D87F}.Debug|Any CPU.Build.0 = Debug|Any CPU
		{840B9245-C609-4551-913E-44F576A2D87F}.Release|Any CPU.ActiveCfg = Release|Any CPU
		{840B9245-C609-4551-913E-44F576A2D87F}.Release|Any CPU.Build.0 = Release|Any CPU
		{0D540E3F-BF92-4073-923B-4D05A9097B13}.Debug|Any CPU.ActiveCfg = Debug|Any CPU
		{0D540E3F-BF92-4073-923B-4D05A9097B13}.Debug|Any CPU.Build.0 = Debug|Any CPU
		{0D540E3F-BF92-4073-923B-4D05A9097B13}.Release|Any CPU.ActiveCfg = Release|Any CPU
		{0D540E3F-BF92-4073-923B-4D05A9097B13}.Release|Any CPU.Build.0 = Release|Any CPU
		{09145CA3-675B-4B12-9E3B-AF14E2EDEE27}.Debug|Any CPU.ActiveCfg = Debug|Any CPU
		{09145CA3-675B-4B12-9E3B-AF14E2EDEE27}.Debug|Any CPU.Build.0 = Debug|Any CPU
		{09145CA3-675B-4B12-9E3B-AF14E2EDEE27}.Release|Any CPU.ActiveCfg = Release|Any CPU
		{09145CA3-675B-4B12-9E3B-AF14E2EDEE27}.Release|Any CPU.Build.0 = Release|Any CPU
	EndGlobalSection
	GlobalSection(SolutionProperties) = preSolution
		HideSolutionNode = FALSE
	EndGlobalSection
	GlobalSection(ExtensibilityGlobals) = postSolution
		SolutionGuid = {6D46FE34-46AB-478D-8DEB-9B97F8AD5B9E}
	EndGlobalSection
EndGlobal
